
Microsoft Visual Studio Solution File, Format Version 12.00
Project("{FAE04EC0-301F-11D3-BF4B-00C04F79EFBC}") = "FiveMinutesTalk", "FiveMinutesTalk\FiveMinutesTalk.csproj", "{487C283D-AB7A-4254-94D3-C8A042D9EAB2}"
EndProject
Global
	GlobalSection(SolutionConfigurationPlatforms) = preSolution
		Debug|Any CPU = Debug|Any CPU
		Release|Any CPU = Release|Any CPU
	EndGlobalSection
	GlobalSection(ProjectConfigurationPlatforms) = postSolution
		{487C283D-AB7A-4254-94D3-C8A042D9EAB2}.Debug|Any CPU.ActiveCfg = Debug|Any CPU
		{487C283D-AB7A-4254-94D3-C8A042D9EAB2}.Debug|Any CPU.Build.0 = Debug|Any CPU
		{487C283D-AB7A-4254-94D3-C8A042D9EAB2}.Release|Any CPU.ActiveCfg = Release|Any CPU
		{487C283D-AB7A-4254-94D3-C8A042D9EAB2}.Release|Any CPU.Build.0 = Release|Any CPU
	EndGlobalSection
EndGlobal
